
Microsoft Visual Studio Solution File, Format Version 12.00
# Visual Studio Version 17
VisualStudioVersion = 17.6.33829.357
MinimumVisualStudioVersion = 10.0.40219.1
Project("{9A19103F-16F7-4668-BE54-9A1E7A4F7556}") = "MPBoom.Services.PricesLoader", "MPBoom.API\MPBoom.Services.PricesLoader.csproj", "{29D61874-5362-4530-BC88-F0FF3EC4262E}"
EndProject
Project("{FAE04EC0-301F-11D3-BF4B-00C04F79EFBC}") = "MPBoom.App", "MPBoom.App\MPBoom.App.csproj", "{FAADF72B-C162-415B-B5E2-FFF69D14B90C}"
EndProject
Global
	GlobalSection(SolutionConfigurationPlatforms) = preSolution
		Debug|Any CPU = Debug|Any CPU
		Release|Any CPU = Release|Any CPU
	EndGlobalSection
	GlobalSection(ProjectConfigurationPlatforms) = postSolution
		{29D61874-5362-4530-BC88-F0FF3EC4262E}.Debug|Any CPU.ActiveCfg = Debug|Any CPU
		{29D61874-5362-4530-BC88-F0FF3EC4262E}.Debug|Any CPU.Build.0 = Debug|Any CPU
		{29D61874-5362-4530-BC88-F0FF3EC4262E}.Release|Any CPU.ActiveCfg = Release|Any CPU
		{29D61874-5362-4530-BC88-F0FF3EC4262E}.Release|Any CPU.Build.0 = Release|Any CPU
		{FAADF72B-C162-415B-B5E2-FFF69D14B90C}.Debug|Any CPU.ActiveCfg = Debug|Any CPU
		{FAADF72B-C162-415B-B5E2-FFF69D14B90C}.Debug|Any CPU.Build.0 = Debug|Any CPU
		{FAADF72B-C162-415B-B5E2-FFF69D14B90C}.Release|Any CPU.ActiveCfg = Release|Any CPU
		{FAADF72B-C162-415B-B5E2-FFF69D14B90C}.Release|Any CPU.Build.0 = Release|Any CPU
	EndGlobalSection
	GlobalSection(SolutionProperties) = preSolution
		HideSolutionNode = FALSE
	EndGlobalSection
	GlobalSection(ExtensibilityGlobals) = postSolution
		SolutionGuid = {75E90937-04BF-4279-A037-425F00FB9816}
	EndGlobalSection
EndGlobal
